
Microsoft Visual Studio Solution File, Format Version 11.00
# Visual Studio 2010
Project("{FAE04EC0-301F-11D3-BF4B-00C04F79EFBC}") = "SuperAid", "SuperAid\SuperAid.csproj", "{543DF027-5E48-48BB-AE9F-9352A021BC55}"
EndProject
Project("{FAE04EC0-301F-11D3-BF4B-00C04F79EFBC}") = "test", "test\test.csproj", "{AF4349B8-2327-43D0-92D1-E412AAA48993}"
EndProject
Global
	GlobalSection(SolutionConfigurationPlatforms) = preSolution
		Debug|Any CPU = Debug|Any CPU
		Debug|Mixed Platforms = Debug|Mixed Platforms
		Debug|x86 = Debug|x86
		Release|Any CPU = Release|Any CPU
		Release|Mixed Platforms = Release|Mixed Platforms
		Release|x86 = Release|x86
	EndGlobalSection
	GlobalSection(ProjectConfigurationPlatforms) = postSolution
		{543DF027-5E48-48BB-AE9F-9352A021BC55}.Debug|Any CPU.ActiveCfg = Debug|Any CPU
		{543DF027-5E48-48BB-AE9F-9352A021BC55}.Debug|Any CPU.Build.0 = Debug|Any CPU
		{543DF027-5E48-48BB-AE9F-9352A021BC55}.Debug|Mixed Platforms.ActiveCfg = Debug|Any CPU
		{543DF027-5E48-48BB-AE9F-9352A021BC55}.Debug|Mixed Platforms.Build.0 = Debug|Any CPU
		{543DF027-5E48-48BB-AE9F-9352A021BC55}.Debug|x86.ActiveCfg = Debug|Any CPU
		{543DF027-5E48-48BB-AE9F-9352A021BC55}.Release|Any CPU.ActiveCfg = Release|Any CPU
		{543DF027-5E48-48BB-AE9F-9352A021BC55}.Release|Any CPU.Build.0 = Release|Any CPU
		{543DF027-5E48-48BB-AE9F-9352A021BC55}.Release|Mixed Platforms.ActiveCfg = Release|Any CPU
		{543DF027-5E48-48BB-AE9F-9352A021BC55}.Release|Mixed Platforms.Build.0 = Release|Any CPU
		{543DF027-5E48-48BB-AE9F-9352A021BC55}.Release|x86.ActiveCfg = Release|Any CPU
		{AF4349B8-2327-43D0-92D1-E412AAA48993}.Debug|Any CPU.ActiveCfg = Debug|x86
		{AF4349B8-2327-43D0-92D1-E412AAA48993}.Debug|Mixed Platforms.ActiveCfg = Debug|x86
		{AF4349B8-2327-43D0-92D1-E412AAA48993}.Debug|Mixed Platforms.Build.0 = Debug|x86
		{AF4349B8-2327-43D0-92D1-E412AAA48993}.Debug|x86.ActiveCfg = Debug|x86
		{AF4349B8-2327-43D0-92D1-E412AAA48993}.Debug|x86.Build.0 = Debug|x86
		{AF4349B8-2327-43D0-92D1-E412AAA48993}.Release|Any CPU.ActiveCfg = Release|x86
		{AF4349B8-2327-43D0-92D1-E412AAA48993}.Release|Mixed Platforms.ActiveCfg = Release|x86
		{AF4349B8-2327-43D0-92D1-E412AAA48993}.Release|Mixed Platforms.Build.0 = Release|x86
		{AF4349B8-2327-43D0-92D1-E412AAA48993}.Release|x86.ActiveCfg = Release|x86
		{AF4349B8-2327-43D0-92D1-E412AAA48993}.Release|x86.Build.0 = Release|x86
	EndGlobalSection
	GlobalSection(SolutionProperties) = preSolution
		HideSolutionNode = FALSE
	EndGlobalSection
EndGlobal
